// !$*UTF8*$!
{
	archiveVersion = 1;
	classes = {
	};
	objectVersion = 46;
	objects = {

/* Begin PBXBuildFile section */
		7459BC6D1EC89D5400975B14 /* main.m in Sources */ = {isa = PBXBuildFile; fileRef = 7459BC6C1EC89D5400975B14 /* main.m */; };
		7459BC701EC89D5400975B14 /* AppDelegate.m in Sources */ = {isa = PBXBuildFile; fileRef = 7459BC6F1EC89D5400975B14 /* AppDelegate.m */; };
		7459BC731EC89D5400975B14 /* ViewController.m in Sources */ = {isa = PBXBuildFile; fileRef = 7459BC721EC89D5400975B14 /* ViewController.m */; };
		7459BC761EC89D5400975B14 /* Main.storyboard in Resources */ = {isa = PBXBuildFile; fileRef = 7459BC741EC89D5400975B14 /* Main.storyboard */; };
		7459BC781EC89D5400975B14 /* Assets.xcassets in Resources */ = {isa = PBXBuildFile; fileRef = 7459BC771EC89D5400975B14 /* Assets.xcassets */; };
		7459BC7B1EC89D5400975B14 /* LaunchScreen.storyboard in Resources */ = {isa = PBXBuildFile; fileRef = 7459BC791EC89D5400975B14 /* LaunchScreen.storyboard */; };
		7459BC861EC89D5500975B14 /* SLTDemoProjectTests.m in Sources */ = {isa = PBXBuildFile; fileRef = 7459BC851EC89D5500975B14 /* SLTDemoProjectTests.m */; };
/* End PBXBuildFile section */

/* Begin PBXContainerItemProxy section */
		7459BC821EC89D5500975B14 /* PBXContainerItemProxy */ = {
			isa = PBXContainerItemProxy;
			containerPortal = 7459BC601EC89D5400975B14 /* Project object */;
			proxyType = 1;
			remoteGlobalIDString = 7459BC671EC89D5400975B14;
			remoteInfo = SLTDemoProject;
		};
/* End PBXContainerItemProxy section */

/* Begin PBXFileReference section */
		7459BC681EC89D5400975B14 /* SLTDemoProject.app */ = {isa = PBXFileReference; explicitFileType = wrapper.application; includeInIndex = 0; path = SLTDemoProject.app; sourceTree = BUILT_PRODUCTS_DIR; };
		7459BC6C1EC89D5400975B14 /* main.m */ = {isa = PBXFileReference; lastKnownFileType = sourcecode.c.objc; path = main.m; sourceTree = "<group>"; };
		7459BC6E1EC89D5400975B14 /* AppDelegate.h */ = {isa = PBXFileReference; lastKnownFileType = sourcecode.c.h; path = AppDelegate.h; sourceTree = "<group>"; };
		7459BC6F1EC89D5400975B14 /* AppDelegate.m */ = {isa = PBXFileReference; lastKnownFileType = sourcecode.c.objc; path = AppDelegate.m; sourceTree = "<group>"; };
		7459BC711EC89D5400975B14 /* ViewController.h */ = {isa = PBXFileReference; lastKnownFileType = sourcecode.c.h; path = ViewController.h; sourceTree = "<group>"; };
		7459BC721EC89D5400975B14 /* ViewController.m */ = {isa = PBXFileReference; lastKnownFileType = sourcecode.c.objc; path = ViewController.m; sourceTree = "<group>"; };
		7459BC751EC89D5400975B14 /* Base */ = {isa = PBXFileReference; lastKnownFileType = file.storyboard; name = Base; path = Base.lproj/Main.storyboard; sourceTree = "<group>"; };
		7459BC771EC89D5400975B14 /* Assets.xcassets */ = {isa = PBXFileReference; lastKnownFileType = folder.assetcatalog; path = Assets.xcassets; sourceTree = "<group>"; };
		7459BC7A1EC89D5400975B14 /* Base */ = {isa = PBXFileReference; lastKnownFileType = file.storyboard; name = Base; path = Base.lproj/LaunchScreen.storyboard; sourceTree = "<group>"; };
		7459BC7C1EC89D5400975B14 /* Info.plist */ = {isa = PBXFileReference; lastKnownFileType = text.plist.xml; path = Info.plist; sourceTree = "<group>"; };
		7459BC811EC89D5500975B14 /* SLTDemoProjectTests.xctest */ = {isa = PBXFileReference; explicitFileType = wrapper.cfbundle; includeInIndex = 0; path = SLTDemoProjectTests.xctest; sourceTree = BUILT_PRODUCTS_DIR; };
		7459BC851EC89D5500975B14 /* SLTDemoProjectTests.m */ = {isa = PBXFileReference; lastKnownFileType = sourcecode.c.objc; path = SLTDemoProjectTests.m; sourceTree = "<group>"; };
		7459BC871EC89D5500975B14 /* Info.plist */ = {isa = PBXFileReference; lastKnownFileType = text.plist.xml; path = Info.plist; sourceTree = "<group>"; };
/* End PBXFileReference section */

/* Begin PBXFrameworksBuildPhase section */
		7459BC651EC89D5400975B14 /* Frameworks */ = {
			isa = PBXFrameworksBuildPhase;
			buildActionMask = 2147483647;
			files = (
			);
			runOnlyForDeploymentPostprocessing = 0;
		};
		7459BC7E1EC89D5500975B14 /* Frameworks */ = {
			isa = PBXFrameworksBuildPhase;
			buildActionMask = 2147483647;
			files = (
			);
			runOnlyForDeploymentPostprocessing = 0;
		};
/* End PBXFrameworksBuildPhase section */

/* Begin PBXGroup section */
		7459BC5F1EC89D5400975B14 = {
			isa = PBXGroup;
			children = (
				7459BC6A1EC89D5400975B14 /* SLTDemoProject */,
				7459BC841EC89D5500975B14 /* SLTDemoProjectTests */,
				7459BC691EC89D5400975B14 /* Products */,
			);
			sourceTree = "<group>";
		};
		7459BC691EC89D5400975B14 /* Products */ = {
			isa = PBXGroup;
			children = (
				7459BC681EC89D5400975B14 /* SLTDemoProject.app */,
				7459BC811EC89D5500975B14 /* SLTDemoProjectTests.xctest */,
			);
			name = Products;
			sourceTree = "<group>";
		};
		7459BC6A1EC89D5400975B14 /* SLTDemoProject */ = {
			isa = PBXGroup;
			children = (
				7459BC6E1EC89D5400975B14 /* AppDelegate.h */,
				7459BC6F1EC89D5400975B14 /* AppDelegate.m */,
				7459BC711EC89D5400975B14 /* ViewController.h */,
				7459BC721EC89D5400975B14 /* ViewController.m */,
				7459BC741EC89D5400975B14 /* Main.storyboard */,
				7459BC771EC89D5400975B14 /* Assets.xcassets */,
				7459BC791EC89D5400975B14 /* LaunchScreen.storyboard */,
				7459BC7C1EC89D5400975B14 /* Info.plist */,
				7459BC6B1EC89D5400975B14 /* Supporting Files */,
			);
			path = SLTDemoProject;
			sourceTree = "<group>";
		};
		7459BC6B1EC89D5400975B14 /* Supporting Files */ = {
			isa = PBXGroup;
			children = (
				7459BC6C1EC89D5400975B14 /* main.m */,
			);
			name = "Supporting Files";
			sourceTree = "<group>";
		};
		7459BC841EC89D5500975B14 /* SLTDemoProjectTests */ = {
			isa = PBXGroup;
			children = (
				7459BC851EC89D5500975B14 /* SLTDemoProjectTests.m */,
				7459BC871EC89D5500975B14 /* Info.plist */,
			);
			path = SLTDemoProjectTests;
			sourceTree = "<group>";
		};
/* End PBXGroup section */

/* Begin PBXNativeTarget section */
		7459BC671EC89D5400975B14 /* SLTDemoProject */ = {
			isa = PBXNativeTarget;
			buildConfigurationList = 7459BC8A1EC89D5500975B14 /* Build configuration list for PBXNativeTarget "SLTDemoProject" */;
			buildPhases = (
				7459BC641EC89D5400975B14 /* Sources */,
				7459BC651EC89D5400975B14 /* Frameworks */,
				7459BC661EC89D5400975B14 /* Resources */,
			);
			buildRules = (
			);
			dependencies = (
			);
			name = SLTDemoProject;
			productName = SLTDemoProject;
			productReference = 7459BC681EC89D5400975B14 /* SLTDemoProject.app */;
			productType = "com.apple.product-type.application";
		};
		7459BC801EC89D5500975B14 /* SLTDemoProjectTests */ = {
			isa = PBXNativeTarget;
			buildConfigurationList = 7459BC8D1EC89D5500975B14 /* Build configuration list for PBXNativeTarget "SLTDemoProjectTests" */;
			buildPhases = (
				7459BC7D1EC89D5500975B14 /* Sources */,
				7459BC7E1EC89D5500975B14 /* Frameworks */,
				7459BC7F1EC89D5500975B14 /* Resources */,
			);
			buildRules = (
			);
			dependencies = (
				7459BC831EC89D5500975B14 /* PBXTargetDependency */,
			);
			name = SLTDemoProjectTests;
			productName = SLTDemoProjectTests;
			productReference = 7459BC811EC89D5500975B14 /* SLTDemoProjectTests.xctest */;
			productType = "com.apple.product-type.bundle.unit-test";
		};
/* End PBXNativeTarget section */

/* Begin PBXProject section */
		7459BC601EC89D5400975B14 /* Project object */ = {
			isa = PBXProject;
			attributes = {
				LastUpgradeCheck = 0830;
				ORGANIZATIONNAME = LiuShulong;
				TargetAttributes = {
					7459BC671EC89D5400975B14 = {
						CreatedOnToolsVersion = 8.3.2;
						DevelopmentTeam = YREGVU8659;
						ProvisioningStyle = Automatic;
					};
					7459BC801EC89D5500975B14 = {
						CreatedOnToolsVersion = 8.3.2;
						DevelopmentTeam = YREGVU8659;
						ProvisioningStyle = Automatic;
						TestTargetID = 7459BC671EC89D5400975B14;
					};
				};
			};
			buildConfigurationList = 7459BC631EC89D5400975B14 /* Build configuration list for PBXProject "SLTDemoProject" */;
			compatibilityVersion = "Xcode 3.2";
			developmentRegion = English;
			hasScannedForEncodings = 0;
			knownRegions = (
				en,
				Base,
			);
			mainGroup = 7459BC5F1EC89D5400975B14;
			productRefGroup = 7459BC691EC89D5400975B14 /* Products */;
			projectDirPath = "";
			projectRoot = "";
			targets = (
				7459BC671EC89D5400975B14 /* SLTDemoProject */,
				7459BC801EC89D5500975B14 /* SLTDemoProjectTests */,
			);
		};
/* End PBXProject section */

/* Begin PBXResourcesBuildPhase section */
		7459BC661EC89D5400975B14 /* Resources */ = {
			isa = PBXResourcesBuildPhase;
			buildActionMask = 2147483647;
			files = (
				7459BC7B1EC89D5400975B14 /* LaunchScreen.storyboard in Resources */,
				7459BC781EC89D5400975B14 /* Assets.xcassets in Resources */,
				7459BC761EC89D5400975B14 /* Main.storyboard in Resources */,
			);
			runOnlyForDeploymentPostprocessing = 0;
		};
		7459BC7F1EC89D5500975B14 /* Resources */ = {
			isa = PBXResourcesBuildPhase;
			buildActionMask = 2147483647;
			files = (
			);
			runOnlyForDeploymentPostprocessing = 0;
		};
/* End PBXResourcesBuildPhase section */

/* Begin PBXSourcesBuildPhase section */
		7459BC641EC89D5400975B14 /* Sources */ = {
			isa = PBXSourcesBuildPhase;
			buildActionMask = 2147483647;
			files = (
				7459BC731EC89D5400975B14 /* ViewController.m in Sources */,
				7459BC701EC89D5400975B14 /* AppDelegate.m in Sources */,
				7459BC6D1EC89D5400975B14 /* main.m in Sources */,
			);
			runOnlyForDeploymentPostprocessing = 0;
		};
		7459BC7D1EC89D5500975B14 /* Sources */ = {
			isa = PBXSourcesBuildPhase;
			buildActionMask = 2147483647;
			files = (
				7459BC861EC89D5500975B14 /* SLTDemoProjectTests.m in Sources */,
			);
			runOnlyForDeploymentPostprocessing = 0;
		};
/* End PBXSourcesBuildPhase section */

/* Begin PBXTargetDependency section */
		7459BC831EC89D5500975B14 /* PBXTargetDependency */ = {
			isa = PBXTargetDependency;
			target = 7459BC671EC89D5400975B14 /* SLTDemoProject */;
			targetProxy = 7459BC821EC89D5500975B14 /* PBXContainerItemProxy */;
		};
/* End PBXTargetDependency section */

/* Begin PBXVariantGroup section */
		7459BC741EC89D5400975B14 /* Main.storyboard */ = {
			isa = PBXVariantGroup;
			children = (
				7459BC751EC89D5400975B14 /* Base */,
			);
			name = Main.storyboard;
			sourceTree = "<group>";
		};
		7459BC791EC89D5400975B14 /* LaunchScreen.storyboard */ = {
			isa = PBXVariantGroup;
			children = (
				7459BC7A1EC89D5400975B14 /* Base */,
			);
			name = LaunchScreen.storyboard;
			sourceTree = "<group>";
		};
/* End PBXVariantGroup section */

/* Begin XCBuildConfiguration section */
		7459BC881EC89D5500975B14 /* Debug */ = {
			isa = XCBuildConfiguration;
			buildSettings = {
				ALWAYS_SEARCH_USER_PATHS = NO;
				CLANG_ANALYZER_NONNULL = YES;
				CLANG_ANALYZER_NUMBER_OBJECT_CONVERSION = YES_AGGRESSIVE;
				CLANG_CXX_LANGUAGE_STANDARD = "gnu++0x";
				CLANG_CXX_LIBRARY = "libc++";
				CLANG_ENABLE_MODULES = YES;
				CLANG_ENABLE_OBJC_ARC = YES;
				CLANG_WARN_BOOL_CONVERSION = YES;
				CLANG_WARN_CONSTANT_CONVERSION = YES;
				CLANG_WARN_DIRECT_OBJC_ISA_USAGE = YES_ERROR;
				CLANG_WARN_DOCUMENTATION_COMMENTS = YES;
				CLANG_WARN_EMPTY_BODY = YES;
				CLANG_WARN_ENUM_CONVERSION = YES;
				CLANG_WARN_INFINITE_RECURSION = YES;
				CLANG_WARN_INT_CONVERSION = YES;
				CLANG_WARN_OBJC_ROOT_CLASS = YES_ERROR;
				CLANG_WARN_SUSPICIOUS_MOVE = YES;
				CLANG_WARN_UNREACHABLE_CODE = YES;
				CLANG_WARN__DUPLICATE_METHOD_MATCH = YES;
				"CODE_SIGN_IDENTITY[sdk=iphoneos*]" = "iPhone Developer";
				COPY_PHASE_STRIP = NO;
				DEBUG_INFORMATION_FORMAT = dwarf;
				ENABLE_STRICT_OBJC_MSGSEND = YES;
				ENABLE_TESTABILITY = YES;
				GCC_C_LANGUAGE_STANDARD = gnu99;
				GCC_DYNAMIC_NO_PIC = NO;
				GCC_NO_COMMON_BLOCKS = YES;
				GCC_OPTIMIZATION_LEVEL = 0;
				GCC_PREPROCESSOR_DEFINITIONS = (
					"DEBUG=1",
					"$(inherited)",
				);
				GCC_WARN_64_TO_32_BIT_CONVERSION = YES;
				GCC_WARN_ABOUT_RETURN_TYPE = YES_ERROR;
				GCC_WARN_UNDECLARED_SELECTOR = YES;
				GCC_WARN_UNINITIALIZED_AUTOS = YES_AGGRESSIVE;
				GCC_WARN_UNUSED_FUNCTION = YES;
				GCC_WARN_UNUSED_VARIABLE = YES;
				IPHONEOS_DEPLOYMENT_TARGET = 10.3;
				MTL_ENABLE_DEBUG_INFO = YES;
				ONLY_ACTIVE_ARCH = YES;
				SDKROOT = iphoneos;
				TARGETED_DEVICE_FAMILY = "1,2";
			};
			name = Debug;
		};
		7459BC891EC89D5500975B14 /* Release */ = {
			isa = XCBuildConfiguration;
			buildSettings = {
				ALWAYS_SEARCH_USER_PATHS = NO;
				CLANG_ANALYZER_NONNULL = YES;
				CLANG_ANALYZER_NUMBER_OBJECT_CONVERSION = YES_AGGRESSIVE;
				CLANG_CXX_LANGUAGE_STANDARD = "gnu++0x";
				CLANG_CXX_LIBRARY = "libc++";
				CLANG_ENABLE_MODULES = YES;
				CLANG_ENABLE_OBJC_ARC = YES;
				CLANG_WARN_BOOL_CONVERSION = YES;
				CLANG_WARN_CONSTANT_CONVERSION = YES;
				CLANG_WARN_DIRECT_OBJC_ISA_USAGE = YES_ERROR;
				CLANG_WARN_DOCUMENTATION_COMMENTS = YES;
				CLANG_WARN_EMPTY_BODY = YES;
				CLANG_WARN_ENUM_CONVERSION = YES;
				CLANG_WARN_INFINITE_RECURSION = YES;
				CLANG_WARN_INT_CONVERSION = YES;
				CLANG_WARN_OBJC_ROOT_CLASS = YES_ERROR;
				CLANG_WARN_SUSPICIOUS_MOVE = YES;
				CLANG_WARN_UNREACHABLE_CODE = YES;
				CLANG_WARN__DUPLICATE_METHOD_MATCH = YES;
				"CODE_SIGN_IDENTITY[sdk=iphoneos*]" = "iPhone Developer";
				COPY_PHASE_STRIP = NO;
				DEBUG_INFORMATION_FORMAT = "dwarf-with-dsym";
				ENABLE_NS_ASSERTIONS = NO;
				ENABLE_STRICT_OBJC_MSGSEND = YES;
				GCC_C_LANGUAGE_STANDARD = gnu99;
				GCC_NO_COMMON_BLOCKS = YES;
				GCC_WARN_64_TO_32_BIT_CONVERSION = YES;
				GCC_WARN_ABOUT_RETURN_TYPE = YES_ERROR;
				GCC_WARN_UNDECLARED_SELECTOR = YES;
				GCC_WARN_UNINITIALIZED_AUTOS = YES_AGGRESSIVE;
				GCC_WARN_UNUSED_FUNCTION = YES;
				GCC_WARN_UNUSED_VARIABLE = YES;
				IPHONEOS_DEPLOYMENT_TARGET = 10.3;
				MTL_ENABLE_DEBUG_INFO = NO;
				SDKROOT = iphoneos;
				TARGETED_DEVICE_FAMILY = "1,2";
				VALIDATE_PRODUCT = YES;
			};
			name = Release;
		};
		7459BC8B1EC89D5500975B14 /* Debug */ = {
			isa = XCBuildConfiguration;
			buildSettings = {
				ASSETCATALOG_COMPILER_APPICON_NAME = AppIcon;
				DEVELOPMENT_TEAM = newTeam;
				INFOPLIST_FILE = SLTDemoProject/Info.plist;
				LD_RUNPATH_SEARCH_PATHS = "$(inherited) @executable_path/Frameworks";
				PRODUCT_BUNDLE_IDENTIFIER = com.liushulong.SLTDemoProject;
				PRODUCT_NAME = "$(TARGET_NAME)";
			};
			name = Debug;
		};
		7459BC8C1EC89D5500975B14 /* Release */ = {
			isa = XCBuildConfiguration;
			buildSettings = {
				ASSETCATALOG_COMPILER_APPICON_NAME = AppIcon;
				DEVELOPMENT_TEAM = newTeam;
				INFOPLIST_FILE = SLTDemoProject/Info.plist;
				LD_RUNPATH_SEARCH_PATHS = "$(inherited) @executable_path/Frameworks";
				PRODUCT_BUNDLE_IDENTIFIER = com.liushulong.SLTDemoProject;
				PRODUCT_NAME = "$(TARGET_NAME)";
			};
			name = Release;
		};
		7459BC8E1EC89D5500975B14 /* Debug */ = {
			isa = XCBuildConfiguration;
			buildSettings = {
				BUNDLE_LOADER = "$(TEST_HOST)";
				DEVELOPMENT_TEAM = YREGVU8659;
				INFOPLIST_FILE = SLTDemoProjectTests/Info.plist;
				LD_RUNPATH_SEARCH_PATHS = "$(inherited) @executable_path/Frameworks @loader_path/Frameworks";
				PRODUCT_BUNDLE_IDENTIFIER = com.liushulong.SLTDemoProjectTests;
				PRODUCT_NAME = "$(TARGET_NAME)";
				TEST_HOST = "$(BUILT_PRODUCTS_DIR)/SLTDemoProject.app/SLTDemoProject";
			};
			name = Debug;
		};
		7459BC8F1EC89D5500975B14 /* Release */ = {
			isa = XCBuildConfiguration;
			buildSettings = {
				BUNDLE_LOADER = "$(TEST_HOST)";
				DEVELOPMENT_TEAM = YREGVU8659;
				INFOPLIST_FILE = SLTDemoProjectTests/Info.plist;
				LD_RUNPATH_SEARCH_PATHS = "$(inherited) @executable_path/Frameworks @loader_path/Frameworks";
				PRODUCT_BUNDLE_IDENTIFIER = com.liushulong.SLTDemoProjectTests;
				PRODUCT_NAME = "$(TARGET_NAME)";
				TEST_HOST = "$(BUILT_PRODUCTS_DIR)/SLTDemoProject.app/SLTDemoProject";
			};
			name = Release;
		};
/* End XCBuildConfiguration section */

/* Begin XCConfigurationList section */
		7459BC631EC89D5400975B14 /* Build configuration list for PBXProject "SLTDemoProject" */ = {
			isa = XCConfigurationList;
			buildConfigurations = (
				7459BC881EC89D5500975B14 /* Debug */,
				7459BC891EC89D5500975B14 /* Release */,
			);
			defaultConfigurationIsVisible = 0;
			defaultConfigurationName = Release;
		};
		7459BC8A1EC89D5500975B14 /* Build configuration list for PBXNativeTarget "SLTDemoProject" */ = {
			isa = XCConfigurationList;
			buildConfigurations = (
				7459BC8B1EC89D5500975B14 /* Debug */,
				7459BC8C1EC89D5500975B14 /* Release */,
			);
			defaultConfigurationIsVisible = 0;
		};
		7459BC8D1EC89D5500975B14 /* Build configuration list for PBXNativeTarget "SLTDemoProjectTests" */ = {
			isa = XCConfigurationList;
			buildConfigurations = (
				7459BC8E1EC89D5500975B14 /* Debug */,
				7459BC8F1EC89D5500975B14 /* Release */,
			);
			defaultConfigurationIsVisible = 0;
		};
/* End XCConfigurationList section */
	};
	rootObject = 7459BC601EC89D5400975B14 /* Project object */;
}
